
Microsoft Visual Studio Solution File, Format Version 11.00
# Visual Studio 2010
Project("{FAE04EC0-301F-11D3-BF4B-00C04F79EFBC}") = "Assembly-CSharp", "Assembly-CSharp.csproj", "{e70816ba-1e86-00dd-9a50-7894e0f08581}"
EndProject
Project("{FAE04EC0-301F-11D3-BF4B-00C04F79EFBC}") = "Assembly-CSharp-firstpass", "Assembly-CSharp-firstpass.csproj", "{81e7d992-4f5d-6f9d-bf92-992ead32a56a}"
EndProject
Project("{FAE04EC0-301F-11D3-BF4B-00C04F79EFBC}") = "Assembly-CSharp-Editor-firstpass", "Assembly-CSharp-Editor-firstpass.csproj", "{b49fd36c-4383-d9cc-9590-537d6ee43ee0}"
EndProject
Global
	GlobalSection(SolutionConfigurationPlatforms) = preSolution
		Debug|Any CPU = Debug|Any CPU
	EndGlobalSection
	GlobalSection(ProjectConfigurationPlatforms) = postSolution
		{e70816ba-1e86-00dd-9a50-7894e0f08581}.Debug|Any CPU.ActiveCfg = Debug|Any CPU
		{e70816ba-1e86-00dd-9a50-7894e0f08581}.Debug|Any CPU.Build.0 = Debug|Any CPU
		{81e7d992-4f5d-6f9d-bf92-992ead32a56a}.Debug|Any CPU.ActiveCfg = Debug|Any CPU
		{81e7d992-4f5d-6f9d-bf92-992ead32a56a}.Debug|Any CPU.Build.0 = Debug|Any CPU
		{b49fd36c-4383-d9cc-9590-537d6ee43ee0}.Debug|Any CPU.ActiveCfg = Debug|Any CPU
		{b49fd36c-4383-d9cc-9590-537d6ee43ee0}.Debug|Any CPU.Build.0 = Debug|Any CPU
	EndGlobalSection
	GlobalSection(SolutionProperties) = preSolution
		HideSolutionNode = FALSE
	EndGlobalSection
EndGlobal
